
Microsoft Visual Studio Solution File, Format Version 12.00
# Visual Studio Version 16
VisualStudioVersion = 16.0.31829.152
MinimumVisualStudioVersion = 10.0.40219.1
Project("{FAE04EC0-301F-11D3-BF4B-00C04F79EFBC}") = "BooksToScrapRegex", "BooksToScrapRegex\BooksToScrapRegex.csproj", "{3756F0A6-ECDC-4716-ADC8-5AD3BFDA3FAA}"
EndProject
Global
	GlobalSection(SolutionConfigurationPlatforms) = preSolution
		Debug|Any CPU = Debug|Any CPU
		Release|Any CPU = Release|Any CPU
	EndGlobalSection
	GlobalSection(ProjectConfigurationPlatforms) = postSolution
		{3756F0A6-ECDC-4716-ADC8-5AD3BFDA3FAA}.Debug|Any CPU.ActiveCfg = Debug|Any CPU
		{3756F0A6-ECDC-4716-ADC8-5AD3BFDA3FAA}.Debug|Any CPU.Build.0 = Debug|Any CPU
		{3756F0A6-ECDC-4716-ADC8-5AD3BFDA3FAA}.Release|Any CPU.ActiveCfg = Release|Any CPU
		{3756F0A6-ECDC-4716-ADC8-5AD3BFDA3FAA}.Release|Any CPU.Build.0 = Release|Any CPU
	EndGlobalSection
	GlobalSection(SolutionProperties) = preSolution
		HideSolutionNode = FALSE
	EndGlobalSection
	GlobalSection(ExtensibilityGlobals) = postSolution
		SolutionGuid = {8EB8537D-59B6-48F6-BFD3-0B72EC334ED9}
	EndGlobalSection
EndGlobal
